<?xml version="1.0" encoding="utf-8"?>
<Project ToolsVersion="4.0" xmlns="http://schemas.microsoft.com/developer/msbuild/2003">
  <ItemGroup>
    <Filter Include="Source Files">
      <UniqueIdentifier>{4FC737F1-C7A5-4376-A066-2A32D752A2FF}</UniqueIdentifier>
      <Extensions>cpp;c;cc;cxx;def;odl;idl;hpj;bat;asm;asmx</Extensions>
    </Filter>
    <Filter Include="Header Files">
      <UniqueIdentifier>{93995380-89BD-4b04-88EB-625FBE52EBFB}</UniqueIdentifier>
      <Extensions>h;hh;hpp;hxx;hm;inl;inc;xsd</Extensions>
    </Filter>
    <Filter Include="Resource Files">
      <UniqueIdentifier>{67DA6AB6-F800-4c08-8B7A-83BB121AAD01}</UniqueIdentifier>
      <Extensions>rc;ico;cur;bmp;dlg;rc2;rct;bin;rgs;gif;jpg;jpeg;jpe;resx;tiff;tif;png;wav;mfcribbon-ms</Extensions>
    </Filter>
    <Filter Include="Source Files\Renderer">
      <UniqueIdentifier>{64b66162-f7b9-49a4-a9d3-d24d090bd512}</UniqueIdentifier>
    </Filter>
    <Filter Include="Source Files\Renderer\Renderables">
      <UniqueIdentifier>{49c73828-9785-46c6-af33-333528c115bb}</UniqueIdentifier>
    </Filter>
    <Filter Include="Source Files\Renderer\Shaders">
      <UniqueIdentifier>{4062abed-cf99-4895-bb75-cab3a76712f2}</UniqueIdentifier>
    </Filter>
    <Filter Include="Source Files\Renderer\Textures">
      <UniqueIdentifier>{1f14458e-eeca-4fb1-833f-5b859b1fa305}</UniqueIdentifier>
    </Filter>
    <Filter Include="lodepng">
      <UniqueIdentifier>{c02dbe9d-142e-4970-877c-d5905fa68c0f}</UniqueIdentifier>
    </Filter>
    <Filter Include="Source Files\Game">
      <UniqueIdentifier>{f869be96-6597-4639-8afb-363b1816070b}</UniqueIdentifier>
    </Filter>
    <Filter Include="Source Files\Game\Objects">
      <UniqueIdentifier>{6938c7cf-3d50-40e6-8e3a-b65b83136d79}</UniqueIdentifier>
    </Filter>
    <Filter Include="Source Files\Game\Tiles">
      <UniqueIdentifier>{68d0f4dc-8d91-45ea-b0bb-3f6634f834b3}</UniqueIdentifier>
    </Filter>
    <Filter Include="Source Files\Utils">
      <UniqueIdentifier>{91bc76c3-e8ab-4441-8575-337f75250645}</UniqueIdentifier>
    </Filter>
    <Filter Include="Source Files\Simulation">
      <UniqueIdentifier>{f6690625-6a3e-4f73-a150-b32688342eef}</UniqueIdentifier>
    </Filter>
    <Filter Include="Source Files\Simulation\State">
      <UniqueIdentifier>{2757b6fa-a751-4b7a-824f-ff6f9cdf531c}</UniqueIdentifier>
    </Filter>
    <Filter Include="Source Files\Simulation\Logic">
      <UniqueIdentifier>{627c3a91-7c9b-45fb-8bee-2e31026576ec}</UniqueIdentifier>
    </Filter>
    <Filter Include="Source Files\Simulation\Events">
      <UniqueIdentifier>{fcd4dcf8-758d-40fd-a4a5-b451c713f69b}</UniqueIdentifier>
    </Filter>
  </ItemGroup>
  <ItemGroup>
    <ClCompile Include="Main.cpp">
      <Filter>Source Files</Filter>
    </ClCompile>
    <ClCompile Include="Renderer\VertexFormat.cpp">
      <Filter>Source Files\Renderer</Filter>
    </ClCompile>
    <ClCompile Include="Renderer\SimpleRenderable.cpp">
      <Filter>Source Files\Renderer\Renderables</Filter>
    </ClCompile>
    <ClCompile Include="Renderer\BaseRenderable.cpp">
      <Filter>Source Files\Renderer\Renderables</Filter>
    </ClCompile>
    <ClCompile Include="Renderer\RenderableManager.cpp">
      <Filter>Source Files\Renderer</Filter>
    </ClCompile>
    <ClCompile Include="Renderer\ShaderLoader.cpp">
      <Filter>Source Files\Renderer\Shaders</Filter>
    </ClCompile>
    <ClCompile Include="Path.cpp">
      <Filter>Source Files</Filter>
    </ClCompile>
    <ClCompile Include="Renderer\QuadRenderable.cpp">
      <Filter>Source Files\Renderer\Renderables</Filter>
    </ClCompile>
    <ClCompile Include="Renderer\Textures\TextureLoader.cpp">
      <Filter>Source Files\Renderer\Textures</Filter>
    </ClCompile>
    <ClCompile Include="..\Libs\lodepng\lodepng.cpp">
      <Filter>lodepng</Filter>
    </ClCompile>
    <ClCompile Include="Game\GameManager.cpp">
      <Filter>Source Files\Game</Filter>
    </ClCompile>
    <ClCompile Include="Game\World.cpp">
      <Filter>Source Files\Game</Filter>
    </ClCompile>
    <ClCompile Include="Game\WorldObject.cpp">
      <Filter>Source Files\Game\Objects</Filter>
    </ClCompile>
    <ClCompile Include="Game\WorldTile.cpp">
      <Filter>Source Files\Game\Tiles</Filter>
    </ClCompile>
    <ClCompile Include="Game\WorldTileGrass.cpp">
      <Filter>Source Files\Game\Tiles</Filter>
    </ClCompile>
    <ClCompile Include="Renderer\SpriteRenderable.cpp">
      <Filter>Source Files\Renderer\Renderables</Filter>
    </ClCompile>
    <ClCompile Include="Renderer\Textures\SpriteLoader.cpp">
      <Filter>Source Files\Renderer\Textures</Filter>
    </ClCompile>
    <ClCompile Include="Renderer\Camera.cpp">
      <Filter>Source Files\Renderer</Filter>
    </ClCompile>
    <ClCompile Include="Game\Player.cpp">
      <Filter>Source Files\Game</Filter>
    </ClCompile>
    <ClCompile Include="Game\InputManager.cpp">
      <Filter>Source Files\Game</Filter>
    </ClCompile>
    <ClCompile Include="Renderer\WindowManager.cpp">
      <Filter>Source Files\Renderer</Filter>
    </ClCompile>
    <ClCompile Include="Simulation\SimulationManager.cpp">
      <Filter>Source Files\Simulation</Filter>
    </ClCompile>
    <ClCompile Include="Simulation\WorldState.cpp">
      <Filter>Source Files\Simulation\State</Filter>
    </ClCompile>
    <ClCompile Include="Simulation\PlayerState.cpp">
      <Filter>Source Files\Simulation\State</Filter>
    </ClCompile>
    <ClCompile Include="Simulation\GameState.cpp">
      <Filter>Source Files\Simulation\State</Filter>
    </ClCompile>
    <ClCompile Include="Simulation\Logic\PlayerLogic.cpp">
      <Filter>Source Files\Simulation\Logic</Filter>
    </ClCompile>
    <ClCompile Include="Simulation\Logic\LogicBase.cpp">
      <Filter>Source Files\Simulation\Logic</Filter>
    </ClCompile>
    <ClCompile Include="Simulation\Events\EventBase.cpp">
      <Filter>Source Files\Simulation\Events</Filter>
    </ClCompile>
    <ClCompile Include="Simulation\Events\PlayerMoveEvent.cpp">
      <Filter>Source Files\Simulation\Events</Filter>
    </ClCompile>
    <ClCompile Include="Simulation\Events\PlayerCreatedEvent.cpp">
      <Filter>Source Files\Simulation\Events</Filter>
    </ClCompile>
  </ItemGroup>
  <ItemGroup>
    <ClInclude Include="Renderer\VertexFormat.h">
      <Filter>Source Files\Renderer</Filter>
    </ClInclude>
    <ClInclude Include="Renderer\SimpleRenderable.h">
      <Filter>Source Files\Renderer\Renderables</Filter>
    </ClInclude>
    <ClInclude Include="Renderer\BaseRenderable.h">
      <Filter>Source Files\Renderer\Renderables</Filter>
    </ClInclude>
    <ClInclude Include="Renderer\RenderableManager.h">
      <Filter>Source Files\Renderer</Filter>
    </ClInclude>
    <ClInclude Include="Renderer\ShaderLoader.h">
      <Filter>Source Files\Renderer\Shaders</Filter>
    </ClInclude>
    <ClInclude Include="Path.h">
      <Filter>Source Files</Filter>
    </ClInclude>
    <ClInclude Include="Renderer\QuadRenderable.h">
      <Filter>Source Files\Renderer\Renderables</Filter>
    </ClInclude>
    <ClInclude Include="Renderer\Textures\TextureLoader.h">
      <Filter>Source Files\Renderer\Textures</Filter>
    </ClInclude>
    <ClInclude Include="..\Libs\lodepng\lodepng.h">
      <Filter>lodepng</Filter>
    </ClInclude>
    <ClInclude Include="Game\GameManager.h">
      <Filter>Source Files\Game</Filter>
    </ClInclude>
    <ClInclude Include="Game\World.h">
      <Filter>Source Files\Game</Filter>
    </ClInclude>
    <ClInclude Include="Game\WorldObject.h">
      <Filter>Source Files\Game\Objects</Filter>
    </ClInclude>
    <ClInclude Include="Game\WorldTile.h">
      <Filter>Source Files\Game\Tiles</Filter>
    </ClInclude>
    <ClInclude Include="Game\WorldTileGrass.h">
      <Filter>Source Files\Game\Tiles</Filter>
    </ClInclude>
    <ClInclude Include="Renderer\SpriteRenderable.h">
      <Filter>Source Files\Renderer\Renderables</Filter>
    </ClInclude>
    <ClInclude Include="Renderer\Textures\SpriteLoader.h">
      <Filter>Source Files\Renderer\Textures</Filter>
    </ClInclude>
    <ClInclude Include="Renderer\Camera.h">
      <Filter>Source Files\Renderer</Filter>
    </ClInclude>
    <ClInclude Include="Game\Player.h">
      <Filter>Source Files\Game</Filter>
    </ClInclude>
    <ClInclude Include="Game\InputManager.h">
      <Filter>Source Files\Game</Filter>
    </ClInclude>
    <ClInclude Include="Utils\Singleton.h">
      <Filter>Source Files\Utils</Filter>
    </ClInclude>
    <ClInclude Include="Utils\Singleton.inline.h">
      <Filter>Source Files\Utils</Filter>
    </ClInclude>
    <ClInclude Include="Renderer\WindowManager.h">
      <Filter>Source Files\Renderer</Filter>
    </ClInclude>
    <ClInclude Include="Simulation\SimulationManager.h">
      <Filter>Source Files\Simulation</Filter>
    </ClInclude>
    <ClInclude Include="Simulation\WorldState.h">
      <Filter>Source Files\Simulation\State</Filter>
    </ClInclude>
    <ClInclude Include="Simulation\PlayerState.h">
      <Filter>Source Files\Simulation\State</Filter>
    </ClInclude>
    <ClInclude Include="Simulation\GameState.h">
      <Filter>Source Files\Simulation\State</Filter>
    </ClInclude>
    <ClInclude Include="Simulation\Logic\PlayerLogic.h">
      <Filter>Source Files\Simulation\Logic</Filter>
    </ClInclude>
    <ClInclude Include="Simulation\Logic\LogicBase.h">
      <Filter>Source Files\Simulation\Logic</Filter>
    </ClInclude>
    <ClInclude Include="Simulation\Events\EventBase.h">
      <Filter>Source Files\Simulation\Events</Filter>
    </ClInclude>
    <ClInclude Include="Simulation\Events\PlayerMoveEvent.h">
      <Filter>Source Files\Simulation\Events</Filter>
    </ClInclude>
    <ClInclude Include="Simulation\Events\PlayerCreatedEvent.h">
      <Filter>Source Files\Simulation\Events</Filter>
    </ClInclude>
  </ItemGroup>
</Project>