<?xml version="1.0" encoding="utf-8"?>
<Project ToolsVersion="4.0" xmlns="http://schemas.microsoft.com/developer/msbuild/2003">
  <ItemGroup>
    <Filter Include="Source Files">
      <UniqueIdentifier>{4FC737F1-C7A5-4376-A066-2A32D752A2FF}</UniqueIdentifier>
      <Extensions>cpp;c;cc;cxx;def;odl;idl;hpj;bat;asm;asmx</Extensions>
    </Filter>
    <Filter Include="Header Files">
      <UniqueIdentifier>{93995380-89BD-4b04-88EB-625FBE52EBFB}</UniqueIdentifier>
      <Extensions>h;hh;hpp;hxx;hm;inl;inc;xsd</Extensions>
    </Filter>
    <Filter Include="Resource Files">
      <UniqueIdentifier>{67DA6AB6-F800-4c08-8B7A-83BB121AAD01}</UniqueIdentifier>
      <Extensions>rc;ico;cur;bmp;dlg;rc2;rct;bin;rgs;gif;jpg;jpeg;jpe;resx;tiff;tif;png;wav;mfcribbon-ms</Extensions>
    </Filter>
    <Filter Include="Source Files\Renderer">
      <UniqueIdentifier>{64b66162-f7b9-49a4-a9d3-d24d090bd512}</UniqueIdentifier>
    </Filter>
    <Filter Include="Source Files\Renderer\Renderables">
      <UniqueIdentifier>{49c73828-9785-46c6-af33-333528c115bb}</UniqueIdentifier>
    </Filter>
    <Filter Include="Source Files\Renderer\Shaders">
      <UniqueIdentifier>{4062abed-cf99-4895-bb75-cab3a76712f2}</UniqueIdentifier>
    </Filter>
  </ItemGroup>
  <ItemGroup>
    <ClCompile Include="Main.cpp">
      <Filter>Source Files</Filter>
    </ClCompile>
    <ClCompile Include="Renderer\VertexFormat.cpp">
      <Filter>Source Files\Renderer</Filter>
    </ClCompile>
    <ClCompile Include="Renderer\SimpleRenderable.cpp">
      <Filter>Source Files\Renderer\Renderables</Filter>
    </ClCompile>
    <ClCompile Include="Renderer\BaseRenderable.cpp">
      <Filter>Source Files\Renderer\Renderables</Filter>
    </ClCompile>
    <ClCompile Include="Renderer\RenderableManager.cpp">
      <Filter>Source Files\Renderer</Filter>
    </ClCompile>
    <ClCompile Include="Renderer\ShaderLoader.cpp">
      <Filter>Source Files\Renderer\Shaders</Filter>
    </ClCompile>
    <ClCompile Include="Path.cpp">
      <Filter>Source Files</Filter>
    </ClCompile>
  </ItemGroup>
  <ItemGroup>
    <ClInclude Include="Renderer\VertexFormat.h">
      <Filter>Source Files\Renderer</Filter>
    </ClInclude>
    <ClInclude Include="Renderer\SimpleRenderable.h">
      <Filter>Source Files\Renderer\Renderables</Filter>
    </ClInclude>
    <ClInclude Include="Renderer\BaseRenderable.h">
      <Filter>Source Files\Renderer\Renderables</Filter>
    </ClInclude>
    <ClInclude Include="Renderer\RenderableManager.h">
      <Filter>Source Files\Renderer</Filter>
    </ClInclude>
    <ClInclude Include="Renderer\ShaderLoader.h">
      <Filter>Source Files\Renderer\Shaders</Filter>
    </ClInclude>
    <ClInclude Include="Path.h">
      <Filter>Source Files</Filter>
    </ClInclude>
  </ItemGroup>
</Project>